
Microsoft Visual Studio Solution File, Format Version 12.00
# Visual Studio Version 16
VisualStudioVersion = 16.0.30204.135
MinimumVisualStudioVersion = 10.0.40219.1
Project("{FAE04EC0-301F-11D3-BF4B-00C04F79EFBC}") = "chapter 2 example", "chapter 2 example\chapter 2 example.csproj", "{FF5E2A1D-771C-4EB5-9253-635A3C106B29}"
EndProject
Global
	GlobalSection(SolutionConfigurationPlatforms) = preSolution
		Debug|Any CPU = Debug|Any CPU
		Release|Any CPU = Release|Any CPU
	EndGlobalSection
	GlobalSection(ProjectConfigurationPlatforms) = postSolution
		{FF5E2A1D-771C-4EB5-9253-635A3C106B29}.Debug|Any CPU.ActiveCfg = Debug|Any CPU
		{FF5E2A1D-771C-4EB5-9253-635A3C106B29}.Debug|Any CPU.Build.0 = Debug|Any CPU
		{FF5E2A1D-771C-4EB5-9253-635A3C106B29}.Release|Any CPU.ActiveCfg = Release|Any CPU
		{FF5E2A1D-771C-4EB5-9253-635A3C106B29}.Release|Any CPU.Build.0 = Release|Any CPU
	EndGlobalSection
	GlobalSection(SolutionProperties) = preSolution
		HideSolutionNode = FALSE
	EndGlobalSection
	GlobalSection(ExtensibilityGlobals) = postSolution
		SolutionGuid = {CDFCBD5D-899A-4C57-A374-3E803B36839B}
	EndGlobalSection
EndGlobal
